
Microsoft Visual Studio Solution File, Format Version 12.00
# Visual Studio 15
VisualStudioVersion = 15.0.27130.2036
MinimumVisualStudioVersion = 10.0.40219.1
Project("{FAE04EC0-301F-11D3-BF4B-00C04F79EFBC}") = "PlusArgent_v1.0", "PlusArgent_v1.0\PlusArgent_v1.0.csproj", "{AFC51CC6-5957-4FA3-B69A-984A0F5A354E}"
EndProject
Global
	GlobalSection(SolutionConfigurationPlatforms) = preSolution
		Debug|Any CPU = Debug|Any CPU
		Release|Any CPU = Release|Any CPU
	EndGlobalSection
	GlobalSection(ProjectConfigurationPlatforms) = postSolution
		{AFC51CC6-5957-4FA3-B69A-984A0F5A354E}.Debug|Any CPU.ActiveCfg = Debug|Any CPU
		{AFC51CC6-5957-4FA3-B69A-984A0F5A354E}.Debug|Any CPU.Build.0 = Debug|Any CPU
		{AFC51CC6-5957-4FA3-B69A-984A0F5A354E}.Release|Any CPU.ActiveCfg = Release|Any CPU
		{AFC51CC6-5957-4FA3-B69A-984A0F5A354E}.Release|Any CPU.Build.0 = Release|Any CPU
	EndGlobalSection
	GlobalSection(SolutionProperties) = preSolution
		HideSolutionNode = FALSE
	EndGlobalSection
	GlobalSection(ExtensibilityGlobals) = postSolution
		SolutionGuid = {3FD04A33-B066-44FB-9325-4224EEB2A3C1}
	EndGlobalSection
EndGlobal
